# THIS IS AN AUTOGENERATED FILE. DO NOT EDIT THIS FILE DIRECTLY.
# yarn lockfile v1


"@types/estree@0.0.39":
  version "0.0.39"
  resolved "https://registry.yarnpkg.com/@types/estree/-/estree-0.0.39.tgz#e177e699ee1b8c22d23174caaa7422644389509f"
  integrity sha512-EYNwp3bU+98cpU4lAWYYL7Zz+2gryWH1qbdDTidVd6hkiR6weksdbMadyXKXNPEkQFhXM+hVO9ZygomHXp+AIw==

"@types/node@^11.13.9":
  version "11.13.10"
  resolved "https://registry.yarnpkg.com/@types/node/-/node-11.13.10.tgz#4df59e5966b56f512bac98898bcbee5067411f0f"
  integrity sha512-leUNzbFTMX94TWaIKz8N15Chu55F9QSH+INKayQr5xpkasBQBRF3qQXfo3/dOnMU/dEIit+Y/SU8HyOjq++GwA==

acorn@^6.1.1:
  version "6.1.1"
  resolved "https://registry.yarnpkg.com/acorn/-/acorn-6.1.1.tgz#7d25ae05bb8ad1f9b699108e1094ecd7884adc1f"
  integrity sha512-jPTiwtOxaHNaAPg/dmrJ/beuzLRnXtB0kQPQ8JpotKJgTB6rX6c8mlf315941pyjBSaPg8NHXS9fhP4u17DpGA==

rollup@^1.11.3:
  version "1.11.3"
  resolved "https://registry.yarnpkg.com/rollup/-/rollup-1.11.3.tgz#6f436db2a2d6b63f808bf60ad01a177643dedb81"
  integrity sha512-81MR7alHcFKxgWzGfG7jSdv+JQxSOIOD/Fa3iNUmpzbd7p+V19e1l9uffqT8/7YAHgGOzmoPGN3Fx3L2ptOf5g==
  dependencies:
    "@types/estree" "0.0.39"
    "@types/node" "^11.13.9"
    acorn "^6.1.1"
